// !$*UTF8*$!
{
	archiveVersion = 1;
	classes = {
	};
	objectVersion = 55;
	objects = {

/* Begin PBXBuildFile section */
		AC1EF42028CB96DE007052D9 /* UsersList.swift in Sources */ = {isa = PBXBuildFile; fileRef = AC1EF41F28CB96DE007052D9 /* UsersList.swift */; };
		AC1EF42328CB97A0007052D9 /* UsersTableViewCell.swift in Sources */ = {isa = PBXBuildFile; fileRef = AC1EF42128CB97A0007052D9 /* UsersTableViewCell.swift */; };
		AC1EF42428CB97A0007052D9 /* UsersTableViewCell.xib in Resources */ = {isa = PBXBuildFile; fileRef = AC1EF42228CB97A0007052D9 /* UsersTableViewCell.xib */; };
		AC1EF42628CBA10C007052D9 /* UsersViewModel.swift in Sources */ = {isa = PBXBuildFile; fileRef = AC1EF42528CBA10C007052D9 /* UsersViewModel.swift */; };
		AC1EF42928CBA7E7007052D9 /* BaseViewController.swift in Sources */ = {isa = PBXBuildFile; fileRef = AC1EF42828CBA7E7007052D9 /* BaseViewController.swift */; };
		AC1EF43128CBA88B007052D9 /* UserService.swift in Sources */ = {isa = PBXBuildFile; fileRef = AC1EF43028CBA88B007052D9 /* UserService.swift */; };
		AC30148628CB954A009B4ED6 /* AppDelegate.swift in Sources */ = {isa = PBXBuildFile; fileRef = AC30148528CB954A009B4ED6 /* AppDelegate.swift */; };
		AC30148828CB954A009B4ED6 /* SceneDelegate.swift in Sources */ = {isa = PBXBuildFile; fileRef = AC30148728CB954A009B4ED6 /* SceneDelegate.swift */; };
		AC30148A28CB954A009B4ED6 /* UsersViewController.swift in Sources */ = {isa = PBXBuildFile; fileRef = AC30148928CB954A009B4ED6 /* UsersViewController.swift */; };
		AC30148D28CB954A009B4ED6 /* Main.storyboard in Resources */ = {isa = PBXBuildFile; fileRef = AC30148B28CB954A009B4ED6 /* Main.storyboard */; };
		AC30148F28CB954B009B4ED6 /* Assets.xcassets in Resources */ = {isa = PBXBuildFile; fileRef = AC30148E28CB954B009B4ED6 /* Assets.xcassets */; };
		AC30149228CB954B009B4ED6 /* LaunchScreen.storyboard in Resources */ = {isa = PBXBuildFile; fileRef = AC30149028CB954B009B4ED6 /* LaunchScreen.storyboard */; };
/* End PBXBuildFile section */

/* Begin PBXFileReference section */
		AC1EF41F28CB96DE007052D9 /* UsersList.swift */ = {isa = PBXFileReference; lastKnownFileType = sourcecode.swift; path = UsersList.swift; sourceTree = "<group>"; };
		AC1EF42128CB97A0007052D9 /* UsersTableViewCell.swift */ = {isa = PBXFileReference; lastKnownFileType = sourcecode.swift; path = UsersTableViewCell.swift; sourceTree = "<group>"; };
		AC1EF42228CB97A0007052D9 /* UsersTableViewCell.xib */ = {isa = PBXFileReference; lastKnownFileType = file.xib; path = UsersTableViewCell.xib; sourceTree = "<group>"; };
		AC1EF42528CBA10C007052D9 /* UsersViewModel.swift */ = {isa = PBXFileReference; lastKnownFileType = sourcecode.swift; path = UsersViewModel.swift; sourceTree = "<group>"; };
		AC1EF42828CBA7E7007052D9 /* BaseViewController.swift */ = {isa = PBXFileReference; lastKnownFileType = sourcecode.swift; path = BaseViewController.swift; sourceTree = "<group>"; };
		AC1EF43028CBA88B007052D9 /* UserService.swift */ = {isa = PBXFileReference; lastKnownFileType = sourcecode.swift; path = UserService.swift; sourceTree = "<group>"; };
		AC30148228CB954A009B4ED6 /* UsersProfileMVVM.app */ = {isa = PBXFileReference; explicitFileType = wrapper.application; includeInIndex = 0; path = UsersProfileMVVM.app; sourceTree = BUILT_PRODUCTS_DIR; };
		AC30148528CB954A009B4ED6 /* AppDelegate.swift */ = {isa = PBXFileReference; lastKnownFileType = sourcecode.swift; path = AppDelegate.swift; sourceTree = "<group>"; };
		AC30148728CB954A009B4ED6 /* SceneDelegate.swift */ = {isa = PBXFileReference; lastKnownFileType = sourcecode.swift; path = SceneDelegate.swift; sourceTree = "<group>"; };
		AC30148928CB954A009B4ED6 /* UsersViewController.swift */ = {isa = PBXFileReference; lastKnownFileType = sourcecode.swift; path = UsersViewController.swift; sourceTree = "<group>"; };
		AC30148C28CB954A009B4ED6 /* Base */ = {isa = PBXFileReference; lastKnownFileType = file.storyboard; name = Base; path = Base.lproj/Main.storyboard; sourceTree = "<group>"; };
		AC30148E28CB954B009B4ED6 /* Assets.xcassets */ = {isa = PBXFileReference; lastKnownFileType = folder.assetcatalog; path = Assets.xcassets; sourceTree = "<group>"; };
		AC30149128CB954B009B4ED6 /* Base */ = {isa = PBXFileReference; lastKnownFileType = file.storyboard; name = Base; path = Base.lproj/LaunchScreen.storyboard; sourceTree = "<group>"; };
		AC30149328CB954B009B4ED6 /* Info.plist */ = {isa = PBXFileReference; lastKnownFileType = text.plist.xml; path = Info.plist; sourceTree = "<group>"; };
/* End PBXFileReference section */

/* Begin PBXFrameworksBuildPhase section */
		AC30147F28CB954A009B4ED6 /* Frameworks */ = {
			isa = PBXFrameworksBuildPhase;
			buildActionMask = 2147483647;
			files = (
			);
			runOnlyForDeploymentPostprocessing = 0;
		};
/* End PBXFrameworksBuildPhase section */

/* Begin PBXGroup section */
		AC1EF41728CB9644007052D9 /* Module */ = {
			isa = PBXGroup;
			children = (
				AC1EF41828CB9653007052D9 /* UserProfile */,
				AC1EF42B28CBA837007052D9 /* UserDetail */,
			);
			path = Module;
			sourceTree = "<group>";
		};
		AC1EF41828CB9653007052D9 /* UserProfile */ = {
			isa = PBXGroup;
			children = (
				AC1EF41B28CB966C007052D9 /* Model */,
				AC1EF42F28CBA875007052D9 /* Service */,
				AC1EF41A28CB9667007052D9 /* ViewModel */,
				AC1EF41928CB9659007052D9 /* View */,
			);
			path = UserProfile;
			sourceTree = "<group>";
		};
		AC1EF41928CB9659007052D9 /* View */ = {
			isa = PBXGroup;
			children = (
				AC1EF41E28CB96A9007052D9 /* UserCell */,
				AC1EF41D28CB96A0007052D9 /* ViewController */,
				AC1EF41C28CB9699007052D9 /* Storyboard */,
			);
			path = View;
			sourceTree = "<group>";
		};
		AC1EF41A28CB9667007052D9 /* ViewModel */ = {
			isa = PBXGroup;
			children = (
				AC1EF42528CBA10C007052D9 /* UsersViewModel.swift */,
			);
			path = ViewModel;
			sourceTree = "<group>";
		};
		AC1EF41B28CB966C007052D9 /* Model */ = {
			isa = PBXGroup;
			children = (
				AC1EF41F28CB96DE007052D9 /* UsersList.swift */,
			);
			path = Model;
			sourceTree = "<group>";
		};
		AC1EF41C28CB9699007052D9 /* Storyboard */ = {
			isa = PBXGroup;
			children = (
				AC30148B28CB954A009B4ED6 /* Main.storyboard */,
			);
			path = Storyboard;
			sourceTree = "<group>";
		};
		AC1EF41D28CB96A0007052D9 /* ViewController */ = {
			isa = PBXGroup;
			children = (
				AC30148928CB954A009B4ED6 /* UsersViewController.swift */,
			);
			path = ViewController;
			sourceTree = "<group>";
		};
		AC1EF41E28CB96A9007052D9 /* UserCell */ = {
			isa = PBXGroup;
			children = (
				AC1EF42128CB97A0007052D9 /* UsersTableViewCell.swift */,
				AC1EF42228CB97A0007052D9 /* UsersTableViewCell.xib */,
			);
			path = UserCell;
			sourceTree = "<group>";
		};
		AC1EF42728CBA7D9007052D9 /* Utlis */ = {
			isa = PBXGroup;
			children = (
				AC1EF42828CBA7E7007052D9 /* BaseViewController.swift */,
			);
			path = Utlis;
			sourceTree = "<group>";
		};
		AC1EF42B28CBA837007052D9 /* UserDetail */ = {
			isa = PBXGroup;
			children = (
				AC1EF42E28CBA854007052D9 /* Model */,
				AC1EF42D28CBA84D007052D9 /* ViewModel */,
				AC1EF42C28CBA845007052D9 /* View */,
			);
			path = UserDetail;
			sourceTree = "<group>";
		};
		AC1EF42C28CBA845007052D9 /* View */ = {
			isa = PBXGroup;
			children = (
			);
			path = View;
			sourceTree = "<group>";
		};
		AC1EF42D28CBA84D007052D9 /* ViewModel */ = {
			isa = PBXGroup;
			children = (
			);
			path = ViewModel;
			sourceTree = "<group>";
		};
		AC1EF42E28CBA854007052D9 /* Model */ = {
			isa = PBXGroup;
			children = (
			);
			path = Model;
			sourceTree = "<group>";
		};
		AC1EF42F28CBA875007052D9 /* Service */ = {
			isa = PBXGroup;
			children = (
				AC1EF43028CBA88B007052D9 /* UserService.swift */,
			);
			path = Service;
			sourceTree = "<group>";
		};
		AC30147928CB954A009B4ED6 = {
			isa = PBXGroup;
			children = (
				AC30148428CB954A009B4ED6 /* UsersProfileMVVM */,
				AC30148328CB954A009B4ED6 /* Products */,
			);
			sourceTree = "<group>";
		};
		AC30148328CB954A009B4ED6 /* Products */ = {
			isa = PBXGroup;
			children = (
				AC30148228CB954A009B4ED6 /* UsersProfileMVVM.app */,
			);
			name = Products;
			sourceTree = "<group>";
		};
		AC30148428CB954A009B4ED6 /* UsersProfileMVVM */ = {
			isa = PBXGroup;
			children = (
				AC1EF42728CBA7D9007052D9 /* Utlis */,
				AC1EF41728CB9644007052D9 /* Module */,
				AC30148528CB954A009B4ED6 /* AppDelegate.swift */,
				AC30148728CB954A009B4ED6 /* SceneDelegate.swift */,
				AC30148E28CB954B009B4ED6 /* Assets.xcassets */,
				AC30149028CB954B009B4ED6 /* LaunchScreen.storyboard */,
				AC30149328CB954B009B4ED6 /* Info.plist */,
			);
			path = UsersProfileMVVM;
			sourceTree = "<group>";
		};
/* End PBXGroup section */

/* Begin PBXNativeTarget section */
		AC30148128CB954A009B4ED6 /* UsersProfileMVVM */ = {
			isa = PBXNativeTarget;
			buildConfigurationList = AC30149628CB954B009B4ED6 /* Build configuration list for PBXNativeTarget "UsersProfileMVVM" */;
			buildPhases = (
				AC30147E28CB954A009B4ED6 /* Sources */,
				AC30147F28CB954A009B4ED6 /* Frameworks */,
				AC30148028CB954A009B4ED6 /* Resources */,
			);
			buildRules = (
			);
			dependencies = (
			);
			name = UsersProfileMVVM;
			productName = UsersProfileMVVM;
			productReference = AC30148228CB954A009B4ED6 /* UsersProfileMVVM.app */;
			productType = "com.apple.product-type.application";
		};
/* End PBXNativeTarget section */

/* Begin PBXProject section */
		AC30147A28CB954A009B4ED6 /* Project object */ = {
			isa = PBXProject;
			attributes = {
				BuildIndependentTargetsInParallel = 1;
				LastSwiftUpdateCheck = 1340;
				LastUpgradeCheck = 1340;
				TargetAttributes = {
					AC30148128CB954A009B4ED6 = {
						CreatedOnToolsVersion = 13.4.1;
					};
				};
			};
			buildConfigurationList = AC30147D28CB954A009B4ED6 /* Build configuration list for PBXProject "UsersProfileMVVM" */;
			compatibilityVersion = "Xcode 13.0";
			developmentRegion = en;
			hasScannedForEncodings = 0;
			knownRegions = (
				en,
				Base,
			);
			mainGroup = AC30147928CB954A009B4ED6;
			productRefGroup = AC30148328CB954A009B4ED6 /* Products */;
			projectDirPath = "";
			projectRoot = "";
			targets = (
				AC30148128CB954A009B4ED6 /* UsersProfileMVVM */,
			);
		};
/* End PBXProject section */

/* Begin PBXResourcesBuildPhase section */
		AC30148028CB954A009B4ED6 /* Resources */ = {
			isa = PBXResourcesBuildPhase;
			buildActionMask = 2147483647;
			files = (
				AC1EF42428CB97A0007052D9 /* UsersTableViewCell.xib in Resources */,
				AC30149228CB954B009B4ED6 /* LaunchScreen.storyboard in Resources */,
				AC30148F28CB954B009B4ED6 /* Assets.xcassets in Resources */,
				AC30148D28CB954A009B4ED6 /* Main.storyboard in Resources */,
			);
			runOnlyForDeploymentPostprocessing = 0;
		};
/* End PBXResourcesBuildPhase section */

/* Begin PBXSourcesBuildPhase section */
		AC30147E28CB954A009B4ED6 /* Sources */ = {
			isa = PBXSourcesBuildPhase;
			buildActionMask = 2147483647;
			files = (
				AC1EF42028CB96DE007052D9 /* UsersList.swift in Sources */,
				AC1EF42628CBA10C007052D9 /* UsersViewModel.swift in Sources */,
				AC30148A28CB954A009B4ED6 /* UsersViewController.swift in Sources */,
				AC30148628CB954A009B4ED6 /* AppDelegate.swift in Sources */,
				AC1EF43128CBA88B007052D9 /* UserService.swift in Sources */,
				AC30148828CB954A009B4ED6 /* SceneDelegate.swift in Sources */,
				AC1EF42928CBA7E7007052D9 /* BaseViewController.swift in Sources */,
				AC1EF42328CB97A0007052D9 /* UsersTableViewCell.swift in Sources */,
			);
			runOnlyForDeploymentPostprocessing = 0;
		};
/* End PBXSourcesBuildPhase section */

/* Begin PBXVariantGroup section */
		AC30148B28CB954A009B4ED6 /* Main.storyboard */ = {
			isa = PBXVariantGroup;
			children = (
				AC30148C28CB954A009B4ED6 /* Base */,
			);
			name = Main.storyboard;
			sourceTree = "<group>";
		};
		AC30149028CB954B009B4ED6 /* LaunchScreen.storyboard */ = {
			isa = PBXVariantGroup;
			children = (
				AC30149128CB954B009B4ED6 /* Base */,
			);
			name = LaunchScreen.storyboard;
			sourceTree = "<group>";
		};
/* End PBXVariantGroup section */

/* Begin XCBuildConfiguration section */
		AC30149428CB954B009B4ED6 /* Debug */ = {
			isa = XCBuildConfiguration;
			buildSettings = {
				ALWAYS_SEARCH_USER_PATHS = NO;
				CLANG_ANALYZER_NONNULL = YES;
				CLANG_ANALYZER_NUMBER_OBJECT_CONVERSION = YES_AGGRESSIVE;
				CLANG_CXX_LANGUAGE_STANDARD = "gnu++17";
				CLANG_ENABLE_MODULES = YES;
				CLANG_ENABLE_OBJC_ARC = YES;
				CLANG_ENABLE_OBJC_WEAK = YES;
				CLANG_WARN_BLOCK_CAPTURE_AUTORELEASING = YES;
				CLANG_WARN_BOOL_CONVERSION = YES;
				CLANG_WARN_COMMA = YES;
				CLANG_WARN_CONSTANT_CONVERSION = YES;
				CLANG_WARN_DEPRECATED_OBJC_IMPLEMENTATIONS = YES;
				CLANG_WARN_DIRECT_OBJC_ISA_USAGE = YES_ERROR;
				CLANG_WARN_DOCUMENTATION_COMMENTS = YES;
				CLANG_WARN_EMPTY_BODY = YES;
				CLANG_WARN_ENUM_CONVERSION = YES;
				CLANG_WARN_INFINITE_RECURSION = YES;
				CLANG_WARN_INT_CONVERSION = YES;
				CLANG_WARN_NON_LITERAL_NULL_CONVERSION = YES;
				CLANG_WARN_OBJC_IMPLICIT_RETAIN_SELF = YES;
				CLANG_WARN_OBJC_LITERAL_CONVERSION = YES;
				CLANG_WARN_OBJC_ROOT_CLASS = YES_ERROR;
				CLANG_WARN_QUOTED_INCLUDE_IN_FRAMEWORK_HEADER = YES;
				CLANG_WARN_RANGE_LOOP_ANALYSIS = YES;
				CLANG_WARN_STRICT_PROTOTYPES = YES;
				CLANG_WARN_SUSPICIOUS_MOVE = YES;
				CLANG_WARN_UNGUARDED_AVAILABILITY = YES_AGGRESSIVE;
				CLANG_WARN_UNREACHABLE_CODE = YES;
				CLANG_WARN__DUPLICATE_METHOD_MATCH = YES;
				COPY_PHASE_STRIP = NO;
				DEBUG_INFORMATION_FORMAT = dwarf;
				ENABLE_STRICT_OBJC_MSGSEND = YES;
				ENABLE_TESTABILITY = YES;
				GCC_C_LANGUAGE_STANDARD = gnu11;
				GCC_DYNAMIC_NO_PIC = NO;
				GCC_NO_COMMON_BLOCKS = YES;
				GCC_OPTIMIZATION_LEVEL = 0;
				GCC_PREPROCESSOR_DEFINITIONS = (
					"DEBUG=1",
					"$(inherited)",
				);
				GCC_WARN_64_TO_32_BIT_CONVERSION = YES;
				GCC_WARN_ABOUT_RETURN_TYPE = YES_ERROR;
				GCC_WARN_UNDECLARED_SELECTOR = YES;
				GCC_WARN_UNINITIALIZED_AUTOS = YES_AGGRESSIVE;
				GCC_WARN_UNUSED_FUNCTION = YES;
				GCC_WARN_UNUSED_VARIABLE = YES;
				IPHONEOS_DEPLOYMENT_TARGET = 15.5;
				MTL_ENABLE_DEBUG_INFO = INCLUDE_SOURCE;
				MTL_FAST_MATH = YES;
				ONLY_ACTIVE_ARCH = YES;
				SDKROOT = iphoneos;
				SWIFT_ACTIVE_COMPILATION_CONDITIONS = DEBUG;
				SWIFT_OPTIMIZATION_LEVEL = "-Onone";
			};
			name = Debug;
		};
		AC30149528CB954B009B4ED6 /* Release */ = {
			isa = XCBuildConfiguration;
			buildSettings = {
				ALWAYS_SEARCH_USER_PATHS = NO;
				CLANG_ANALYZER_NONNULL = YES;
				CLANG_ANALYZER_NUMBER_OBJECT_CONVERSION = YES_AGGRESSIVE;
				CLANG_CXX_LANGUAGE_STANDARD = "gnu++17";
				CLANG_ENABLE_MODULES = YES;
				CLANG_ENABLE_OBJC_ARC = YES;
				CLANG_ENABLE_OBJC_WEAK = YES;
				CLANG_WARN_BLOCK_CAPTURE_AUTORELEASING = YES;
				CLANG_WARN_BOOL_CONVERSION = YES;
				CLANG_WARN_COMMA = YES;
				CLANG_WARN_CONSTANT_CONVERSION = YES;
				CLANG_WARN_DEPRECATED_OBJC_IMPLEMENTATIONS = YES;
				CLANG_WARN_DIRECT_OBJC_ISA_USAGE = YES_ERROR;
				CLANG_WARN_DOCUMENTATION_COMMENTS = YES;
				CLANG_WARN_EMPTY_BODY = YES;
				CLANG_WARN_ENUM_CONVERSION = YES;
				CLANG_WARN_INFINITE_RECURSION = YES;
				CLANG_WARN_INT_CONVERSION = YES;
				CLANG_WARN_NON_LITERAL_NULL_CONVERSION = YES;
				CLANG_WARN_OBJC_IMPLICIT_RETAIN_SELF = YES;
				CLANG_WARN_OBJC_LITERAL_CONVERSION = YES;
				CLANG_WARN_OBJC_ROOT_CLASS = YES_ERROR;
				CLANG_WARN_QUOTED_INCLUDE_IN_FRAMEWORK_HEADER = YES;
				CLANG_WARN_RANGE_LOOP_ANALYSIS = YES;
				CLANG_WARN_STRICT_PROTOTYPES = YES;
				CLANG_WARN_SUSPICIOUS_MOVE = YES;
				CLANG_WARN_UNGUARDED_AVAILABILITY = YES_AGGRESSIVE;
				CLANG_WARN_UNREACHABLE_CODE = YES;
				CLANG_WARN__DUPLICATE_METHOD_MATCH = YES;
				COPY_PHASE_STRIP = NO;
				DEBUG_INFORMATION_FORMAT = "dwarf-with-dsym";
				ENABLE_NS_ASSERTIONS = NO;
				ENABLE_STRICT_OBJC_MSGSEND = YES;
				GCC_C_LANGUAGE_STANDARD = gnu11;
				GCC_NO_COMMON_BLOCKS = YES;
				GCC_WARN_64_TO_32_BIT_CONVERSION = YES;
				GCC_WARN_ABOUT_RETURN_TYPE = YES_ERROR;
				GCC_WARN_UNDECLARED_SELECTOR = YES;
				GCC_WARN_UNINITIALIZED_AUTOS = YES_AGGRESSIVE;
				GCC_WARN_UNUSED_FUNCTION = YES;
				GCC_WARN_UNUSED_VARIABLE = YES;
				IPHONEOS_DEPLOYMENT_TARGET = 15.5;
				MTL_ENABLE_DEBUG_INFO = NO;
				MTL_FAST_MATH = YES;
				SDKROOT = iphoneos;
				SWIFT_COMPILATION_MODE = wholemodule;
				SWIFT_OPTIMIZATION_LEVEL = "-O";
				VALIDATE_PRODUCT = YES;
			};
			name = Release;
		};
		AC30149728CB954B009B4ED6 /* Debug */ = {
			isa = XCBuildConfiguration;
			buildSettings = {
				ASSETCATALOG_COMPILER_APPICON_NAME = AppIcon;
				ASSETCATALOG_COMPILER_GLOBAL_ACCENT_COLOR_NAME = AccentColor;
				CODE_SIGN_STYLE = Automatic;
				CURRENT_PROJECT_VERSION = 1;
				DEVELOPMENT_TEAM = M4SYRBQBFW;
				GENERATE_INFOPLIST_FILE = YES;
				INFOPLIST_FILE = UsersProfileMVVM/Info.plist;
				INFOPLIST_KEY_UIApplicationSupportsIndirectInputEvents = YES;
				INFOPLIST_KEY_UILaunchStoryboardName = LaunchScreen;
				INFOPLIST_KEY_UIMainStoryboardFile = Main;
				INFOPLIST_KEY_UISupportedInterfaceOrientations_iPad = "UIInterfaceOrientationPortrait UIInterfaceOrientationPortraitUpsideDown UIInterfaceOrientationLandscapeLeft UIInterfaceOrientationLandscapeRight";
				INFOPLIST_KEY_UISupportedInterfaceOrientations_iPhone = "UIInterfaceOrientationPortrait UIInterfaceOrientationLandscapeLeft UIInterfaceOrientationLandscapeRight";
				LD_RUNPATH_SEARCH_PATHS = (
					"$(inherited)",
					"@executable_path/Frameworks",
				);
				MARKETING_VERSION = 1.0;
				PRODUCT_BUNDLE_IDENTIFIER = com.AhmedAmin.UsersProfileMVVM;
				PRODUCT_NAME = "$(TARGET_NAME)";
				SWIFT_EMIT_LOC_STRINGS = YES;
				SWIFT_VERSION = 5.0;
				TARGETED_DEVICE_FAMILY = "1,2";
			};
			name = Debug;
		};
		AC30149828CB954B009B4ED6 /* Release */ = {
			isa = XCBuildConfiguration;
			buildSettings = {
				ASSETCATALOG_COMPILER_APPICON_NAME = AppIcon;
				ASSETCATALOG_COMPILER_GLOBAL_ACCENT_COLOR_NAME = AccentColor;
				CODE_SIGN_STYLE = Automatic;
				CURRENT_PROJECT_VERSION = 1;
				DEVELOPMENT_TEAM = M4SYRBQBFW;
				GENERATE_INFOPLIST_FILE = YES;
				INFOPLIST_FILE = UsersProfileMVVM/Info.plist;
				INFOPLIST_KEY_UIApplicationSupportsIndirectInputEvents = YES;
				INFOPLIST_KEY_UILaunchStoryboardName = LaunchScreen;
				INFOPLIST_KEY_UIMainStoryboardFile = Main;
				INFOPLIST_KEY_UISupportedInterfaceOrientations_iPad = "UIInterfaceOrientationPortrait UIInterfaceOrientationPortraitUpsideDown UIInterfaceOrientationLandscapeLeft UIInterfaceOrientationLandscapeRight";
				INFOPLIST_KEY_UISupportedInterfaceOrientations_iPhone = "UIInterfaceOrientationPortrait UIInterfaceOrientationLandscapeLeft UIInterfaceOrientationLandscapeRight";
				LD_RUNPATH_SEARCH_PATHS = (
					"$(inherited)",
					"@executable_path/Frameworks",
				);
				MARKETING_VERSION = 1.0;
				PRODUCT_BUNDLE_IDENTIFIER = com.AhmedAmin.UsersProfileMVVM;
				PRODUCT_NAME = "$(TARGET_NAME)";
				SWIFT_EMIT_LOC_STRINGS = YES;
				SWIFT_VERSION = 5.0;
				TARGETED_DEVICE_FAMILY = "1,2";
			};
			name = Release;
		};
/* End XCBuildConfiguration section */

/* Begin XCConfigurationList section */
		AC30147D28CB954A009B4ED6 /* Build configuration list for PBXProject "UsersProfileMVVM" */ = {
			isa = XCConfigurationList;
			buildConfigurations = (
				AC30149428CB954B009B4ED6 /* Debug */,
				AC30149528CB954B009B4ED6 /* Release */,
			);
			defaultConfigurationIsVisible = 0;
			defaultConfigurationName = Release;
		};
		AC30149628CB954B009B4ED6 /* Build configuration list for PBXNativeTarget "UsersProfileMVVM" */ = {
			isa = XCConfigurationList;
			buildConfigurations = (
				AC30149728CB954B009B4ED6 /* Debug */,
				AC30149828CB954B009B4ED6 /* Release */,
			);
			defaultConfigurationIsVisible = 0;
			defaultConfigurationName = Release;
		};
/* End XCConfigurationList section */
	};
	rootObject = AC30147A28CB954A009B4ED6 /* Project object */;
}
